// !$*UTF8*$!
{
	archiveVersion = 1;
	classes = {
	};
	objectVersion = 56;
	objects = {

/* Begin PBXBuildFile section */
		97AB3FB428F5CB3600F4A6FF /* ColorViewController.swift in Sources */ = {isa = PBXBuildFile; fileRef = 97AB3FB328F5CB3600F4A6FF /* ColorViewController.swift */; };
		97DDE67328DE1B9500690B71 /* AppDelegate.swift in Sources */ = {isa = PBXBuildFile; fileRef = 97DDE67228DE1B9500690B71 /* AppDelegate.swift */; };
		97DDE67528DE1B9500690B71 /* SceneDelegate.swift in Sources */ = {isa = PBXBuildFile; fileRef = 97DDE67428DE1B9500690B71 /* SceneDelegate.swift */; };
		97DDE67728DE1B9500690B71 /* SettingsViewController.swift in Sources */ = {isa = PBXBuildFile; fileRef = 97DDE67628DE1B9500690B71 /* SettingsViewController.swift */; };
		97DDE67A28DE1B9500690B71 /* Main.storyboard in Resources */ = {isa = PBXBuildFile; fileRef = 97DDE67828DE1B9500690B71 /* Main.storyboard */; };
		97DDE67C28DE1B9800690B71 /* Assets.xcassets in Resources */ = {isa = PBXBuildFile; fileRef = 97DDE67B28DE1B9800690B71 /* Assets.xcassets */; };
		97DDE67F28DE1B9800690B71 /* LaunchScreen.storyboard in Resources */ = {isa = PBXBuildFile; fileRef = 97DDE67D28DE1B9800690B71 /* LaunchScreen.storyboard */; };
/* End PBXBuildFile section */

/* Begin PBXFileReference section */
		97AB3FB328F5CB3600F4A6FF /* ColorViewController.swift */ = {isa = PBXFileReference; lastKnownFileType = sourcecode.swift; path = ColorViewController.swift; sourceTree = "<group>"; };
		97DDE66F28DE1B9500690B71 /* colorizedApp.app */ = {isa = PBXFileReference; explicitFileType = wrapper.application; includeInIndex = 0; path = colorizedApp.app; sourceTree = BUILT_PRODUCTS_DIR; };
		97DDE67228DE1B9500690B71 /* AppDelegate.swift */ = {isa = PBXFileReference; lastKnownFileType = sourcecode.swift; path = AppDelegate.swift; sourceTree = "<group>"; };
		97DDE67428DE1B9500690B71 /* SceneDelegate.swift */ = {isa = PBXFileReference; lastKnownFileType = sourcecode.swift; path = SceneDelegate.swift; sourceTree = "<group>"; };
		97DDE67628DE1B9500690B71 /* SettingsViewController.swift */ = {isa = PBXFileReference; lastKnownFileType = sourcecode.swift; path = SettingsViewController.swift; sourceTree = "<group>"; };
		97DDE67928DE1B9500690B71 /* Base */ = {isa = PBXFileReference; lastKnownFileType = file.storyboard; name = Base; path = Base.lproj/Main.storyboard; sourceTree = "<group>"; };
		97DDE67B28DE1B9800690B71 /* Assets.xcassets */ = {isa = PBXFileReference; lastKnownFileType = folder.assetcatalog; path = Assets.xcassets; sourceTree = "<group>"; };
		97DDE67E28DE1B9800690B71 /* Base */ = {isa = PBXFileReference; lastKnownFileType = file.storyboard; name = Base; path = Base.lproj/LaunchScreen.storyboard; sourceTree = "<group>"; };
		97DDE68028DE1B9800690B71 /* Info.plist */ = {isa = PBXFileReference; lastKnownFileType = text.plist.xml; path = Info.plist; sourceTree = "<group>"; };
/* End PBXFileReference section */

/* Begin PBXFrameworksBuildPhase section */
		97DDE66C28DE1B9500690B71 /* Frameworks */ = {
			isa = PBXFrameworksBuildPhase;
			buildActionMask = 2147483647;
			files = (
			);
			runOnlyForDeploymentPostprocessing = 0;
		};
/* End PBXFrameworksBuildPhase section */

/* Begin PBXGroup section */
		97AB3FAF28F5CA1A00F4A6FF /* App */ = {
			isa = PBXGroup;
			children = (
				97DDE67228DE1B9500690B71 /* AppDelegate.swift */,
				97DDE67428DE1B9500690B71 /* SceneDelegate.swift */,
				97DDE68028DE1B9800690B71 /* Info.plist */,
			);
			path = App;
			sourceTree = "<group>";
		};
		97AB3FB028F5CA3000F4A6FF /* Storyboard */ = {
			isa = PBXGroup;
			children = (
				97DDE67828DE1B9500690B71 /* Main.storyboard */,
				97DDE67D28DE1B9800690B71 /* LaunchScreen.storyboard */,
			);
			path = Storyboard;
			sourceTree = "<group>";
		};
		97AB3FB128F5CA3C00F4A6FF /* Model */ = {
			isa = PBXGroup;
			children = (
			);
			path = Model;
			sourceTree = "<group>";
		};
		97AB3FB228F5CA4C00F4A6FF /* ViewControllers */ = {
			isa = PBXGroup;
			children = (
				97DDE67628DE1B9500690B71 /* SettingsViewController.swift */,
				97AB3FB328F5CB3600F4A6FF /* ColorViewController.swift */,
			);
			path = ViewControllers;
			sourceTree = "<group>";
		};
		97DDE66628DE1B9500690B71 = {
			isa = PBXGroup;
			children = (
				97DDE67128DE1B9500690B71 /* colorizedApp */,
				97DDE67028DE1B9500690B71 /* Products */,
			);
			sourceTree = "<group>";
		};
		97DDE67028DE1B9500690B71 /* Products */ = {
			isa = PBXGroup;
			children = (
				97DDE66F28DE1B9500690B71 /* colorizedApp.app */,
			);
			name = Products;
			sourceTree = "<group>";
		};
		97DDE67128DE1B9500690B71 /* colorizedApp */ = {
			isa = PBXGroup;
			children = (
				97AB3FAF28F5CA1A00F4A6FF /* App */,
				97AB3FB128F5CA3C00F4A6FF /* Model */,
				97AB3FB228F5CA4C00F4A6FF /* ViewControllers */,
				97AB3FB028F5CA3000F4A6FF /* Storyboard */,
				97DDE67B28DE1B9800690B71 /* Assets.xcassets */,
			);
			path = colorizedApp;
			sourceTree = "<group>";
		};
/* End PBXGroup section */

/* Begin PBXNativeTarget section */
		97DDE66E28DE1B9500690B71 /* colorizedApp */ = {
			isa = PBXNativeTarget;
			buildConfigurationList = 97DDE68328DE1B9800690B71 /* Build configuration list for PBXNativeTarget "colorizedApp" */;
			buildPhases = (
				97DDE66B28DE1B9500690B71 /* Sources */,
				97DDE66C28DE1B9500690B71 /* Frameworks */,
				97DDE66D28DE1B9500690B71 /* Resources */,
			);
			buildRules = (
			);
			dependencies = (
			);
			name = colorizedApp;
			productName = colorizedApp;
			productReference = 97DDE66F28DE1B9500690B71 /* colorizedApp.app */;
			productType = "com.apple.product-type.application";
		};
/* End PBXNativeTarget section */

/* Begin PBXProject section */
		97DDE66728DE1B9500690B71 /* Project object */ = {
			isa = PBXProject;
			attributes = {
				BuildIndependentTargetsInParallel = 1;
				LastSwiftUpdateCheck = 1400;
				LastUpgradeCheck = 1400;
				TargetAttributes = {
					97DDE66E28DE1B9500690B71 = {
						CreatedOnToolsVersion = 14.0;
					};
				};
			};
			buildConfigurationList = 97DDE66A28DE1B9500690B71 /* Build configuration list for PBXProject "colorizedApp" */;
			compatibilityVersion = "Xcode 14.0";
			developmentRegion = en;
			hasScannedForEncodings = 0;
			knownRegions = (
				en,
				Base,
			);
			mainGroup = 97DDE66628DE1B9500690B71;
			productRefGroup = 97DDE67028DE1B9500690B71 /* Products */;
			projectDirPath = "";
			projectRoot = "";
			targets = (
				97DDE66E28DE1B9500690B71 /* colorizedApp */,
			);
		};
/* End PBXProject section */

/* Begin PBXResourcesBuildPhase section */
		97DDE66D28DE1B9500690B71 /* Resources */ = {
			isa = PBXResourcesBuildPhase;
			buildActionMask = 2147483647;
			files = (
				97DDE67F28DE1B9800690B71 /* LaunchScreen.storyboard in Resources */,
				97DDE67C28DE1B9800690B71 /* Assets.xcassets in Resources */,
				97DDE67A28DE1B9500690B71 /* Main.storyboard in Resources */,
			);
			runOnlyForDeploymentPostprocessing = 0;
		};
/* End PBXResourcesBuildPhase section */

/* Begin PBXSourcesBuildPhase section */
		97DDE66B28DE1B9500690B71 /* Sources */ = {
			isa = PBXSourcesBuildPhase;
			buildActionMask = 2147483647;
			files = (
				97DDE67728DE1B9500690B71 /* SettingsViewController.swift in Sources */,
				97DDE67328DE1B9500690B71 /* AppDelegate.swift in Sources */,
				97DDE67528DE1B9500690B71 /* SceneDelegate.swift in Sources */,
				97AB3FB428F5CB3600F4A6FF /* ColorViewController.swift in Sources */,
			);
			runOnlyForDeploymentPostprocessing = 0;
		};
/* End PBXSourcesBuildPhase section */

/* Begin PBXVariantGroup section */
		97DDE67828DE1B9500690B71 /* Main.storyboard */ = {
			isa = PBXVariantGroup;
			children = (
				97DDE67928DE1B9500690B71 /* Base */,
			);
			name = Main.storyboard;
			sourceTree = "<group>";
		};
		97DDE67D28DE1B9800690B71 /* LaunchScreen.storyboard */ = {
			isa = PBXVariantGroup;
			children = (
				97DDE67E28DE1B9800690B71 /* Base */,
			);
			name = LaunchScreen.storyboard;
			sourceTree = "<group>";
		};
/* End PBXVariantGroup section */

/* Begin XCBuildConfiguration section */
		97DDE68128DE1B9800690B71 /* Debug */ = {
			isa = XCBuildConfiguration;
			buildSettings = {
				ALWAYS_SEARCH_USER_PATHS = NO;
				CLANG_ANALYZER_NONNULL = YES;
				CLANG_ANALYZER_NUMBER_OBJECT_CONVERSION = YES_AGGRESSIVE;
				CLANG_CXX_LANGUAGE_STANDARD = "gnu++20";
				CLANG_ENABLE_MODULES = YES;
				CLANG_ENABLE_OBJC_ARC = YES;
				CLANG_ENABLE_OBJC_WEAK = YES;
				CLANG_WARN_BLOCK_CAPTURE_AUTORELEASING = YES;
				CLANG_WARN_BOOL_CONVERSION = YES;
				CLANG_WARN_COMMA = YES;
				CLANG_WARN_CONSTANT_CONVERSION = YES;
				CLANG_WARN_DEPRECATED_OBJC_IMPLEMENTATIONS = YES;
				CLANG_WARN_DIRECT_OBJC_ISA_USAGE = YES_ERROR;
				CLANG_WARN_DOCUMENTATION_COMMENTS = YES;
				CLANG_WARN_EMPTY_BODY = YES;
				CLANG_WARN_ENUM_CONVERSION = YES;
				CLANG_WARN_INFINITE_RECURSION = YES;
				CLANG_WARN_INT_CONVERSION = YES;
				CLANG_WARN_NON_LITERAL_NULL_CONVERSION = YES;
				CLANG_WARN_OBJC_IMPLICIT_RETAIN_SELF = YES;
				CLANG_WARN_OBJC_LITERAL_CONVERSION = YES;
				CLANG_WARN_OBJC_ROOT_CLASS = YES_ERROR;
				CLANG_WARN_QUOTED_INCLUDE_IN_FRAMEWORK_HEADER = YES;
				CLANG_WARN_RANGE_LOOP_ANALYSIS = YES;
				CLANG_WARN_STRICT_PROTOTYPES = YES;
				CLANG_WARN_SUSPICIOUS_MOVE = YES;
				CLANG_WARN_UNGUARDED_AVAILABILITY = YES_AGGRESSIVE;
				CLANG_WARN_UNREACHABLE_CODE = YES;
				CLANG_WARN__DUPLICATE_METHOD_MATCH = YES;
				COPY_PHASE_STRIP = NO;
				DEBUG_INFORMATION_FORMAT = dwarf;
				ENABLE_STRICT_OBJC_MSGSEND = YES;
				ENABLE_TESTABILITY = YES;
				GCC_C_LANGUAGE_STANDARD = gnu11;
				GCC_DYNAMIC_NO_PIC = NO;
				GCC_NO_COMMON_BLOCKS = YES;
				GCC_OPTIMIZATION_LEVEL = 0;
				GCC_PREPROCESSOR_DEFINITIONS = (
					"DEBUG=1",
					"$(inherited)",
				);
				GCC_WARN_64_TO_32_BIT_CONVERSION = YES;
				GCC_WARN_ABOUT_RETURN_TYPE = YES_ERROR;
				GCC_WARN_UNDECLARED_SELECTOR = YES;
				GCC_WARN_UNINITIALIZED_AUTOS = YES_AGGRESSIVE;
				GCC_WARN_UNUSED_FUNCTION = YES;
				GCC_WARN_UNUSED_VARIABLE = YES;
				IPHONEOS_DEPLOYMENT_TARGET = 16.0;
				MTL_ENABLE_DEBUG_INFO = INCLUDE_SOURCE;
				MTL_FAST_MATH = YES;
				ONLY_ACTIVE_ARCH = YES;
				SDKROOT = iphoneos;
				SWIFT_ACTIVE_COMPILATION_CONDITIONS = DEBUG;
				SWIFT_OPTIMIZATION_LEVEL = "-Onone";
			};
			name = Debug;
		};
		97DDE68228DE1B9800690B71 /* Release */ = {
			isa = XCBuildConfiguration;
			buildSettings = {
				ALWAYS_SEARCH_USER_PATHS = NO;
				CLANG_ANALYZER_NONNULL = YES;
				CLANG_ANALYZER_NUMBER_OBJECT_CONVERSION = YES_AGGRESSIVE;
				CLANG_CXX_LANGUAGE_STANDARD = "gnu++20";
				CLANG_ENABLE_MODULES = YES;
				CLANG_ENABLE_OBJC_ARC = YES;
				CLANG_ENABLE_OBJC_WEAK = YES;
				CLANG_WARN_BLOCK_CAPTURE_AUTORELEASING = YES;
				CLANG_WARN_BOOL_CONVERSION = YES;
				CLANG_WARN_COMMA = YES;
				CLANG_WARN_CONSTANT_CONVERSION = YES;
				CLANG_WARN_DEPRECATED_OBJC_IMPLEMENTATIONS = YES;
				CLANG_WARN_DIRECT_OBJC_ISA_USAGE = YES_ERROR;
				CLANG_WARN_DOCUMENTATION_COMMENTS = YES;
				CLANG_WARN_EMPTY_BODY = YES;
				CLANG_WARN_ENUM_CONVERSION = YES;
				CLANG_WARN_INFINITE_RECURSION = YES;
				CLANG_WARN_INT_CONVERSION = YES;
				CLANG_WARN_NON_LITERAL_NULL_CONVERSION = YES;
				CLANG_WARN_OBJC_IMPLICIT_RETAIN_SELF = YES;
				CLANG_WARN_OBJC_LITERAL_CONVERSION = YES;
				CLANG_WARN_OBJC_ROOT_CLASS = YES_ERROR;
				CLANG_WARN_QUOTED_INCLUDE_IN_FRAMEWORK_HEADER = YES;
				CLANG_WARN_RANGE_LOOP_ANALYSIS = YES;
				CLANG_WARN_STRICT_PROTOTYPES = YES;
				CLANG_WARN_SUSPICIOUS_MOVE = YES;
				CLANG_WARN_UNGUARDED_AVAILABILITY = YES_AGGRESSIVE;
				CLANG_WARN_UNREACHABLE_CODE = YES;
				CLANG_WARN__DUPLICATE_METHOD_MATCH = YES;
				COPY_PHASE_STRIP = NO;
				DEBUG_INFORMATION_FORMAT = "dwarf-with-dsym";
				ENABLE_NS_ASSERTIONS = NO;
				ENABLE_STRICT_OBJC_MSGSEND = YES;
				GCC_C_LANGUAGE_STANDARD = gnu11;
				GCC_NO_COMMON_BLOCKS = YES;
				GCC_WARN_64_TO_32_BIT_CONVERSION = YES;
				GCC_WARN_ABOUT_RETURN_TYPE = YES_ERROR;
				GCC_WARN_UNDECLARED_SELECTOR = YES;
				GCC_WARN_UNINITIALIZED_AUTOS = YES_AGGRESSIVE;
				GCC_WARN_UNUSED_FUNCTION = YES;
				GCC_WARN_UNUSED_VARIABLE = YES;
				IPHONEOS_DEPLOYMENT_TARGET = 16.0;
				MTL_ENABLE_DEBUG_INFO = NO;
				MTL_FAST_MATH = YES;
				SDKROOT = iphoneos;
				SWIFT_COMPILATION_MODE = wholemodule;
				SWIFT_OPTIMIZATION_LEVEL = "-O";
				VALIDATE_PRODUCT = YES;
			};
			name = Release;
		};
		97DDE68428DE1B9800690B71 /* Debug */ = {
			isa = XCBuildConfiguration;
			buildSettings = {
				ASSETCATALOG_COMPILER_APPICON_NAME = AppIcon;
				ASSETCATALOG_COMPILER_GLOBAL_ACCENT_COLOR_NAME = AccentColor;
				CODE_SIGN_STYLE = Automatic;
				CURRENT_PROJECT_VERSION = 1;
				DEVELOPMENT_TEAM = MG6C2P7UF9;
				GENERATE_INFOPLIST_FILE = YES;
				INFOPLIST_FILE = colorizedApp/App/Info.plist;
				INFOPLIST_KEY_UIApplicationSupportsIndirectInputEvents = YES;
				INFOPLIST_KEY_UILaunchStoryboardName = LaunchScreen;
				INFOPLIST_KEY_UIMainStoryboardFile = Main;
				INFOPLIST_KEY_UISupportedInterfaceOrientations = UIInterfaceOrientationPortrait;
				LD_RUNPATH_SEARCH_PATHS = (
					"$(inherited)",
					"@executable_path/Frameworks",
				);
				MARKETING_VERSION = 1.0;
				PRODUCT_BUNDLE_IDENTIFIER = kazakovDanil.colorizedApp;
				PRODUCT_NAME = "$(TARGET_NAME)";
				SUPPORTED_PLATFORMS = "iphoneos iphonesimulator";
				SUPPORTS_MACCATALYST = NO;
				SUPPORTS_MAC_DESIGNED_FOR_IPHONE_IPAD = NO;
				SWIFT_EMIT_LOC_STRINGS = YES;
				SWIFT_VERSION = 5.0;
				TARGETED_DEVICE_FAMILY = 1;
			};
			name = Debug;
		};
		97DDE68528DE1B9800690B71 /* Release */ = {
			isa = XCBuildConfiguration;
			buildSettings = {
				ASSETCATALOG_COMPILER_APPICON_NAME = AppIcon;
				ASSETCATALOG_COMPILER_GLOBAL_ACCENT_COLOR_NAME = AccentColor;
				CODE_SIGN_STYLE = Automatic;
				CURRENT_PROJECT_VERSION = 1;
				DEVELOPMENT_TEAM = MG6C2P7UF9;
				GENERATE_INFOPLIST_FILE = YES;
				INFOPLIST_FILE = colorizedApp/App/Info.plist;
				INFOPLIST_KEY_UIApplicationSupportsIndirectInputEvents = YES;
				INFOPLIST_KEY_UILaunchStoryboardName = LaunchScreen;
				INFOPLIST_KEY_UIMainStoryboardFile = Main;
				INFOPLIST_KEY_UISupportedInterfaceOrientations = UIInterfaceOrientationPortrait;
				LD_RUNPATH_SEARCH_PATHS = (
					"$(inherited)",
					"@executable_path/Frameworks",
				);
				MARKETING_VERSION = 1.0;
				PRODUCT_BUNDLE_IDENTIFIER = kazakovDanil.colorizedApp;
				PRODUCT_NAME = "$(TARGET_NAME)";
				SUPPORTED_PLATFORMS = "iphoneos iphonesimulator";
				SUPPORTS_MACCATALYST = NO;
				SUPPORTS_MAC_DESIGNED_FOR_IPHONE_IPAD = NO;
				SWIFT_EMIT_LOC_STRINGS = YES;
				SWIFT_VERSION = 5.0;
				TARGETED_DEVICE_FAMILY = 1;
			};
			name = Release;
		};
/* End XCBuildConfiguration section */

/* Begin XCConfigurationList section */
		97DDE66A28DE1B9500690B71 /* Build configuration list for PBXProject "colorizedApp" */ = {
			isa = XCConfigurationList;
			buildConfigurations = (
				97DDE68128DE1B9800690B71 /* Debug */,
				97DDE68228DE1B9800690B71 /* Release */,
			);
			defaultConfigurationIsVisible = 0;
			defaultConfigurationName = Release;
		};
		97DDE68328DE1B9800690B71 /* Build configuration list for PBXNativeTarget "colorizedApp" */ = {
			isa = XCConfigurationList;
			buildConfigurations = (
				97DDE68428DE1B9800690B71 /* Debug */,
				97DDE68528DE1B9800690B71 /* Release */,
			);
			defaultConfigurationIsVisible = 0;
			defaultConfigurationName = Release;
		};
/* End XCConfigurationList section */
	};
	rootObject = 97DDE66728DE1B9500690B71 /* Project object */;
}
